
Microsoft Visual Studio Solution File, Format Version 12.00
# Visual Studio 15
VisualStudioVersion = 15.0.27004.2010
MinimumVisualStudioVersion = 10.0.40219.1
Project("{FAE04EC0-301F-11D3-BF4B-00C04F79EFBC}") = "guess a random number", "guess a random number\guess a random number.csproj", "{AC9CDC85-F672-4DF1-997A-247020D2A657}"
EndProject
Global
	GlobalSection(SolutionConfigurationPlatforms) = preSolution
		Debug|Any CPU = Debug|Any CPU
		Release|Any CPU = Release|Any CPU
	EndGlobalSection
	GlobalSection(ProjectConfigurationPlatforms) = postSolution
		{AC9CDC85-F672-4DF1-997A-247020D2A657}.Debug|Any CPU.ActiveCfg = Debug|Any CPU
		{AC9CDC85-F672-4DF1-997A-247020D2A657}.Debug|Any CPU.Build.0 = Debug|Any CPU
		{AC9CDC85-F672-4DF1-997A-247020D2A657}.Release|Any CPU.ActiveCfg = Release|Any CPU
		{AC9CDC85-F672-4DF1-997A-247020D2A657}.Release|Any CPU.Build.0 = Release|Any CPU
	EndGlobalSection
	GlobalSection(SolutionProperties) = preSolution
		HideSolutionNode = FALSE
	EndGlobalSection
	GlobalSection(ExtensibilityGlobals) = postSolution
		SolutionGuid = {7AFDE83D-34C0-464A-8713-86BFDE09F3EA}
	EndGlobalSection
EndGlobal
